
Microsoft Visual Studio Solution File, Format Version 12.00
# Visual Studio Version 17
VisualStudioVersion = 17.2.32519.379
MinimumVisualStudioVersion = 10.0.40219.1
Project("{2150E333-8FDC-42A3-9474-1A3956D46DE8}") = "Src", "Src", "{91A5D222-2608-41E9-8024-EEA5852FDBB8}"
EndProject
Project("{2150E333-8FDC-42A3-9474-1A3956D46DE8}") = "API", "API", "{A15DF67D-0A58-4608-B676-FE81FE21B390}"
EndProject
Project("{2150E333-8FDC-42A3-9474-1A3956D46DE8}") = "Core", "Core", "{39259C82-4F21-4D0C-885D-413D4F1F94C1}"
EndProject
Project("{2150E333-8FDC-42A3-9474-1A3956D46DE8}") = "UI", "UI", "{3A743974-17BF-47C4-A3DA-C174B7960CE0}"
EndProject
Project("{9A19103F-16F7-4668-BE54-9A1E7A4F7556}") = "WeatherForecast.Application", "WeatherForecast.Application\WeatherForecast.Application.csproj", "{44EA4A6D-A047-4744-8803-8A9E2C084C24}"
EndProject
Project("{2150E333-8FDC-42A3-9474-1A3956D46DE8}") = "Infrastructure", "Infrastructure", "{19541169-D311-4393-9069-FF2CCEA6F1B7}"
EndProject
Project("{9A19103F-16F7-4668-BE54-9A1E7A4F7556}") = "WeatherForecast.Service", "WeatherForecast.Service\WeatherForecast.Service.csproj", "{362ACD7D-14A8-4338-A803-E2B3F8444CF4}"
EndProject
Project("{9A19103F-16F7-4668-BE54-9A1E7A4F7556}") = "WeatherForecast.Domain", "WeatherForecast.Domain\WeatherForecast.Domain.csproj", "{F1362994-809A-46D1-810F-B59A5AB2A23F}"
EndProject
Project("{9A19103F-16F7-4668-BE54-9A1E7A4F7556}") = "WeatherForecast.Api", "WeatherForecast.Api\WeatherForecast.Api.csproj", "{1FBE6E9E-C65A-44E1-A3DA-82732BC45D04}"
EndProject
Project("{54A90642-561A-4BB1-A94E-469ADEE60C69}") = "WeatherForecastUI", "WeatherForecastUI\WeatherForecastUI.esproj", "{DC3869EB-9FD4-4478-BB59-DBD60A0E7565}"
EndProject
Global
	GlobalSection(SolutionConfigurationPlatforms) = preSolution
		Debug|Any CPU = Debug|Any CPU
		Release|Any CPU = Release|Any CPU
	EndGlobalSection
	GlobalSection(ProjectConfigurationPlatforms) = postSolution
		{44EA4A6D-A047-4744-8803-8A9E2C084C24}.Debug|Any CPU.ActiveCfg = Debug|Any CPU
		{44EA4A6D-A047-4744-8803-8A9E2C084C24}.Debug|Any CPU.Build.0 = Debug|Any CPU
		{44EA4A6D-A047-4744-8803-8A9E2C084C24}.Release|Any CPU.ActiveCfg = Release|Any CPU
		{44EA4A6D-A047-4744-8803-8A9E2C084C24}.Release|Any CPU.Build.0 = Release|Any CPU
		{362ACD7D-14A8-4338-A803-E2B3F8444CF4}.Debug|Any CPU.ActiveCfg = Debug|Any CPU
		{362ACD7D-14A8-4338-A803-E2B3F8444CF4}.Debug|Any CPU.Build.0 = Debug|Any CPU
		{362ACD7D-14A8-4338-A803-E2B3F8444CF4}.Release|Any CPU.ActiveCfg = Release|Any CPU
		{362ACD7D-14A8-4338-A803-E2B3F8444CF4}.Release|Any CPU.Build.0 = Release|Any CPU
		{F1362994-809A-46D1-810F-B59A5AB2A23F}.Debug|Any CPU.ActiveCfg = Debug|Any CPU
		{F1362994-809A-46D1-810F-B59A5AB2A23F}.Debug|Any CPU.Build.0 = Debug|Any CPU
		{F1362994-809A-46D1-810F-B59A5AB2A23F}.Release|Any CPU.ActiveCfg = Release|Any CPU
		{F1362994-809A-46D1-810F-B59A5AB2A23F}.Release|Any CPU.Build.0 = Release|Any CPU
		{1FBE6E9E-C65A-44E1-A3DA-82732BC45D04}.Debug|Any CPU.ActiveCfg = Debug|Any CPU
		{1FBE6E9E-C65A-44E1-A3DA-82732BC45D04}.Debug|Any CPU.Build.0 = Debug|Any CPU
		{1FBE6E9E-C65A-44E1-A3DA-82732BC45D04}.Release|Any CPU.ActiveCfg = Release|Any CPU
		{1FBE6E9E-C65A-44E1-A3DA-82732BC45D04}.Release|Any CPU.Build.0 = Release|Any CPU
		{DC3869EB-9FD4-4478-BB59-DBD60A0E7565}.Debug|Any CPU.ActiveCfg = Debug|Any CPU
		{DC3869EB-9FD4-4478-BB59-DBD60A0E7565}.Debug|Any CPU.Build.0 = Debug|Any CPU
		{DC3869EB-9FD4-4478-BB59-DBD60A0E7565}.Debug|Any CPU.Deploy.0 = Debug|Any CPU
		{DC3869EB-9FD4-4478-BB59-DBD60A0E7565}.Release|Any CPU.ActiveCfg = Release|Any CPU
		{DC3869EB-9FD4-4478-BB59-DBD60A0E7565}.Release|Any CPU.Build.0 = Release|Any CPU
		{DC3869EB-9FD4-4478-BB59-DBD60A0E7565}.Release|Any CPU.Deploy.0 = Release|Any CPU
	EndGlobalSection
	GlobalSection(SolutionProperties) = preSolution
		HideSolutionNode = FALSE
	EndGlobalSection
	GlobalSection(NestedProjects) = preSolution
		{A15DF67D-0A58-4608-B676-FE81FE21B390} = {91A5D222-2608-41E9-8024-EEA5852FDBB8}
		{39259C82-4F21-4D0C-885D-413D4F1F94C1} = {91A5D222-2608-41E9-8024-EEA5852FDBB8}
		{3A743974-17BF-47C4-A3DA-C174B7960CE0} = {91A5D222-2608-41E9-8024-EEA5852FDBB8}
		{44EA4A6D-A047-4744-8803-8A9E2C084C24} = {39259C82-4F21-4D0C-885D-413D4F1F94C1}
		{19541169-D311-4393-9069-FF2CCEA6F1B7} = {91A5D222-2608-41E9-8024-EEA5852FDBB8}
		{362ACD7D-14A8-4338-A803-E2B3F8444CF4} = {19541169-D311-4393-9069-FF2CCEA6F1B7}
		{F1362994-809A-46D1-810F-B59A5AB2A23F} = {39259C82-4F21-4D0C-885D-413D4F1F94C1}
		{1FBE6E9E-C65A-44E1-A3DA-82732BC45D04} = {A15DF67D-0A58-4608-B676-FE81FE21B390}
		{DC3869EB-9FD4-4478-BB59-DBD60A0E7565} = {3A743974-17BF-47C4-A3DA-C174B7960CE0}
	EndGlobalSection
	GlobalSection(ExtensibilityGlobals) = postSolution
		SolutionGuid = {62D2590F-E304-4727-839E-2E8BF832A13D}
	EndGlobalSection
EndGlobal
